
Microsoft Visual Studio Solution File, Format Version 12.00
# Visual Studio Version 16
VisualStudioVersion = 16.0.29709.97
MinimumVisualStudioVersion = 10.0.40219.1
Project("{FAE04EC0-301F-11D3-BF4B-00C04F79EFBC}") = "Mvc_Core_Book_Application", "Mvc_Core_Book_Application\Mvc_Core_Book_Application.csproj", "{BFA67583-370A-4174-947F-06FA94215C18}"
EndProject
Global
	GlobalSection(SolutionConfigurationPlatforms) = preSolution
		Debug|Any CPU = Debug|Any CPU
		Release|Any CPU = Release|Any CPU
	EndGlobalSection
	GlobalSection(ProjectConfigurationPlatforms) = postSolution
		{BFA67583-370A-4174-947F-06FA94215C18}.Debug|Any CPU.ActiveCfg = Debug|Any CPU
		{BFA67583-370A-4174-947F-06FA94215C18}.Debug|Any CPU.Build.0 = Debug|Any CPU
		{BFA67583-370A-4174-947F-06FA94215C18}.Release|Any CPU.ActiveCfg = Release|Any CPU
		{BFA67583-370A-4174-947F-06FA94215C18}.Release|Any CPU.Build.0 = Release|Any CPU
	EndGlobalSection
	GlobalSection(SolutionProperties) = preSolution
		HideSolutionNode = FALSE
	EndGlobalSection
	GlobalSection(ExtensibilityGlobals) = postSolution
		SolutionGuid = {F53368B0-F846-487B-A4A3-CD26493A1B60}
	EndGlobalSection
EndGlobal
